// !$*UTF8*$!
{
	archiveVersion = 1;
	classes = {
	};
	objectVersion = 55;
	objects = {

/* Begin PBXBuildFile section */
		6A38713327D0F7170039D725 /* BadgeSymbol.swift in Sources */ = {isa = PBXBuildFile; fileRef = 6A38713227D0F7170039D725 /* BadgeSymbol.swift */; };
		6A38713527D0FE9D0039D725 /* RotatedBadgeSymbol.swift in Sources */ = {isa = PBXBuildFile; fileRef = 6A38713427D0FE9D0039D725 /* RotatedBadgeSymbol.swift */; };
		6A38713727D0FFBB0039D725 /* Badge.swift in Sources */ = {isa = PBXBuildFile; fileRef = 6A38713627D0FFBB0039D725 /* Badge.swift */; };
		6A47B19A27CCAC4600381207 /* FavoriteButton.swift in Sources */ = {isa = PBXBuildFile; fileRef = 6A47B19927CCAC4600381207 /* FavoriteButton.swift */; };
		6A4C508227DC4A38003C4B5E /* Profile.swift in Sources */ = {isa = PBXBuildFile; fileRef = 6A4C508127DC4A38003C4B5E /* Profile.swift */; };
		6A4C508527DC4BE5003C4B5E /* ProfileHost.swift in Sources */ = {isa = PBXBuildFile; fileRef = 6A4C508427DC4BE5003C4B5E /* ProfileHost.swift */; };
		6A5751D627DC81E00017A6EC /* ProfileSummary.swift in Sources */ = {isa = PBXBuildFile; fileRef = 6A5751D527DC81E00017A6EC /* ProfileSummary.swift */; };
		6A5751D827DC844D0017A6EC /* HikeBadge.swift in Sources */ = {isa = PBXBuildFile; fileRef = 6A5751D727DC844D0017A6EC /* HikeBadge.swift */; };
		6A68902D27F0AA3500522429 /* LandmarkDetail.swift in Sources */ = {isa = PBXBuildFile; fileRef = 6A68902C27F0AA3500522429 /* LandmarkDetail.swift */; };
		6A7C9FF227F1EAC200C37DFE /* Assets.xcassets in Resources */ = {isa = PBXBuildFile; fileRef = 6A7C9FF127F1EAC200C37DFE /* Assets.xcassets */; };
		6A7C9FF827F1EAC200C37DFE /* WatchLandmark WatchKit Extension.appex in Embed App Extensions */ = {isa = PBXBuildFile; fileRef = 6A7C9FF727F1EAC200C37DFE /* WatchLandmark WatchKit Extension.appex */; settings = {ATTRIBUTES = (RemoveHeadersOnCopy, ); }; };
		6A7C9FFF27F1EAC200C37DFE /* ContentView.swift in Sources */ = {isa = PBXBuildFile; fileRef = 6A7C9FFE27F1EAC200C37DFE /* ContentView.swift */; };
		6A7CA00127F1EAC200C37DFE /* NotificationController.swift in Sources */ = {isa = PBXBuildFile; fileRef = 6A7CA00027F1EAC200C37DFE /* NotificationController.swift */; };
		6A7CA00327F1EAC200C37DFE /* NotificationView.swift in Sources */ = {isa = PBXBuildFile; fileRef = 6A7CA00227F1EAC200C37DFE /* NotificationView.swift */; };
		6A7CA00527F1EAC200C37DFE /* ComplicationController.swift in Sources */ = {isa = PBXBuildFile; fileRef = 6A7CA00427F1EAC200C37DFE /* ComplicationController.swift */; };
		6A7CA00727F1EAC300C37DFE /* Assets.xcassets in Resources */ = {isa = PBXBuildFile; fileRef = 6A7CA00627F1EAC300C37DFE /* Assets.xcassets */; };
		6A7CA00A27F1EAC300C37DFE /* Preview Assets.xcassets in Resources */ = {isa = PBXBuildFile; fileRef = 6A7CA00927F1EAC300C37DFE /* Preview Assets.xcassets */; };
		6A7CA00F27F1EAC300C37DFE /* WatchLandmark.app in Embed Watch Content */ = {isa = PBXBuildFile; fileRef = 6A7C9FEF27F1EAC100C37DFE /* WatchLandmark.app */; settings = {ATTRIBUTES = (RemoveHeadersOnCopy, ); }; };
		6A7CA01827F1EC5400C37DFE /* ModelData.swift in Sources */ = {isa = PBXBuildFile; fileRef = 6AFAE8BB27CB698600A6D03C /* ModelData.swift */; };
		6A7CA01927F1EC5400C37DFE /* Hike.swift in Sources */ = {isa = PBXBuildFile; fileRef = 6AB15F1527D3658300252A23 /* Hike.swift */; };
		6A7CA01A27F1EC5400C37DFE /* CircleImage.swift in Sources */ = {isa = PBXBuildFile; fileRef = 6AFAE8B127CB5C9400A6D03C /* CircleImage.swift */; };
		6A7CA01B27F1EC5400C37DFE /* MapView.swift in Sources */ = {isa = PBXBuildFile; fileRef = 6AFAE8B327CB5FA100A6D03C /* MapView.swift */; };
		6A7CA01C27F1EC5400C37DFE /* LandmarkList.swift in Sources */ = {isa = PBXBuildFile; fileRef = 6AFAE8C227CBA57F00A6D03C /* LandmarkList.swift */; };
		6A7CA01D27F1EC5400C37DFE /* hikeData.json in Resources */ = {isa = PBXBuildFile; fileRef = 6AB15F1327D3654D00252A23 /* hikeData.json */; };
		6A7CA01E27F1EC5400C37DFE /* Landmark.swift in Sources */ = {isa = PBXBuildFile; fileRef = 6AFAE8B927CB65E300A6D03C /* Landmark.swift */; };
		6A7CA01F27F1EC5400C37DFE /* landmarkData.json in Resources */ = {isa = PBXBuildFile; fileRef = 6AFAE8B527CB653800A6D03C /* landmarkData.json */; };
		6A7CA02027F1EC5400C37DFE /* LandmarkRow.swift in Sources */ = {isa = PBXBuildFile; fileRef = 6AFAE8C027CB6D1200A6D03C /* LandmarkRow.swift */; };
		6A7CA02127F1EC5400C37DFE /* LandmarksApp.swift in Sources */ = {isa = PBXBuildFile; fileRef = 6AFAE8A327CB567600A6D03C /* LandmarksApp.swift */; };
		6A7CA02227F1EC5400C37DFE /* Profile.swift in Sources */ = {isa = PBXBuildFile; fileRef = 6A4C508127DC4A38003C4B5E /* Profile.swift */; };
		6A82E2DD27EF591C00CF036D /* ContentView.swift in Sources */ = {isa = PBXBuildFile; fileRef = 6A82E2DC27EF591C00CF036D /* ContentView.swift */; };
		6A82E2DF27EF591D00CF036D /* Assets.xcassets in Resources */ = {isa = PBXBuildFile; fileRef = 6A82E2DE27EF591D00CF036D /* Assets.xcassets */; };
		6A82E2E227EF591D00CF036D /* Preview Assets.xcassets in Resources */ = {isa = PBXBuildFile; fileRef = 6A82E2E127EF591D00CF036D /* Preview Assets.xcassets */; };
		6A82E2E727EF5B6800CF036D /* landmarkData.json in Resources */ = {isa = PBXBuildFile; fileRef = 6AFAE8B527CB653800A6D03C /* landmarkData.json */; };
		6A82E2E827EF5B6800CF036D /* Landmark.swift in Sources */ = {isa = PBXBuildFile; fileRef = 6AFAE8B927CB65E300A6D03C /* Landmark.swift */; };
		6A82E2E927EF5B6800CF036D /* ModelData.swift in Sources */ = {isa = PBXBuildFile; fileRef = 6AFAE8BB27CB698600A6D03C /* ModelData.swift */; };
		6A82E2EA27EF5B6800CF036D /* LandmarkRow.swift in Sources */ = {isa = PBXBuildFile; fileRef = 6AFAE8C027CB6D1200A6D03C /* LandmarkRow.swift */; };
		6A82E2EB27EF5B6800CF036D /* Hike.swift in Sources */ = {isa = PBXBuildFile; fileRef = 6AB15F1527D3658300252A23 /* Hike.swift */; };
		6A82E2EC27EF5B6800CF036D /* LandmarkList.swift in Sources */ = {isa = PBXBuildFile; fileRef = 6AFAE8C227CBA57F00A6D03C /* LandmarkList.swift */; };
		6A82E2ED27EF5B6800CF036D /* Profile.swift in Sources */ = {isa = PBXBuildFile; fileRef = 6A4C508127DC4A38003C4B5E /* Profile.swift */; };
		6A82E2EE27EF5B6800CF036D /* FavoriteButton.swift in Sources */ = {isa = PBXBuildFile; fileRef = 6A47B19927CCAC4600381207 /* FavoriteButton.swift */; };
		6A82E2EF27EF5B6800CF036D /* MapView.swift in Sources */ = {isa = PBXBuildFile; fileRef = 6AFAE8B327CB5FA100A6D03C /* MapView.swift */; };
		6A82E2F027EF5B6800CF036D /* Assets.xcassets in Resources */ = {isa = PBXBuildFile; fileRef = 6AFAE8A727CB567700A6D03C /* Assets.xcassets */; };
		6A82E2F127EF5B6800CF036D /* CircleImage.swift in Sources */ = {isa = PBXBuildFile; fileRef = 6AFAE8B127CB5C9400A6D03C /* CircleImage.swift */; };
		6A82E2F227EF5B6800CF036D /* LandmarksApp.swift in Sources */ = {isa = PBXBuildFile; fileRef = 6AFAE8A327CB567600A6D03C /* LandmarksApp.swift */; };
		6A82E2F327EF5B6800CF036D /* hikeData.json in Resources */ = {isa = PBXBuildFile; fileRef = 6AB15F1327D3654D00252A23 /* hikeData.json */; };
		6AA61C3A27D0540C00AA727C /* HexagonParameters.swift in Sources */ = {isa = PBXBuildFile; fileRef = 6AA61C3927D0540C00AA727C /* HexagonParameters.swift */; };
		6AA61C3C27D055EF00AA727C /* BadgeBackground.swift in Sources */ = {isa = PBXBuildFile; fileRef = 6AA61C3B27D055EF00AA727C /* BadgeBackground.swift */; };
		6AB15F1427D3654D00252A23 /* hikeData.json in Resources */ = {isa = PBXBuildFile; fileRef = 6AB15F1327D3654D00252A23 /* hikeData.json */; };
		6AB15F1627D3658300252A23 /* Hike.swift in Sources */ = {isa = PBXBuildFile; fileRef = 6AB15F1527D3658300252A23 /* Hike.swift */; };
		6AB15F1C27D368F600252A23 /* GraphCapsule.swift in Sources */ = {isa = PBXBuildFile; fileRef = 6AB15F1827D368F600252A23 /* GraphCapsule.swift */; };
		6AB15F1D27D368F600252A23 /* HikeGraph.swift in Sources */ = {isa = PBXBuildFile; fileRef = 6AB15F1927D368F600252A23 /* HikeGraph.swift */; };
		6AB15F1E27D368F600252A23 /* HikeDetail.swift in Sources */ = {isa = PBXBuildFile; fileRef = 6AB15F1A27D368F600252A23 /* HikeDetail.swift */; };
		6AB15F1F27D368F600252A23 /* HikeView.swift in Sources */ = {isa = PBXBuildFile; fileRef = 6AB15F1B27D368F600252A23 /* HikeView.swift */; };
		6AB15F2227D3726600252A23 /* CategoryHome.swift in Sources */ = {isa = PBXBuildFile; fileRef = 6AB15F2127D3726600252A23 /* CategoryHome.swift */; };
		6AB15F2527D388B100252A23 /* CategoryRow.swift in Sources */ = {isa = PBXBuildFile; fileRef = 6AB15F2427D388B100252A23 /* CategoryRow.swift */; };
		6AB15F2727D38D0300252A23 /* CategoryItem.swift in Sources */ = {isa = PBXBuildFile; fileRef = 6AB15F2627D38D0300252A23 /* CategoryItem.swift */; };
		6AC436D327DE3967003F120E /* ProfileEditor.swift in Sources */ = {isa = PBXBuildFile; fileRef = 6AC436D227DE3967003F120E /* ProfileEditor.swift */; };
		6AE48BD227E770ED009E35B1 /* PageViewController.swift in Sources */ = {isa = PBXBuildFile; fileRef = 6AE48BD127E770ED009E35B1 /* PageViewController.swift */; };
		6AE48BD427E777A7009E35B1 /* FeatureCard.swift in Sources */ = {isa = PBXBuildFile; fileRef = 6AE48BD327E777A7009E35B1 /* FeatureCard.swift */; };
		6AE48BD627E77A1A009E35B1 /* PageView.swift in Sources */ = {isa = PBXBuildFile; fileRef = 6AE48BD527E77A1A009E35B1 /* PageView.swift */; };
		6AE48BD827E77FC8009E35B1 /* PageControl.swift in Sources */ = {isa = PBXBuildFile; fileRef = 6AE48BD727E77FC8009E35B1 /* PageControl.swift */; };
		6AFAE8A427CB567600A6D03C /* LandmarksApp.swift in Sources */ = {isa = PBXBuildFile; fileRef = 6AFAE8A327CB567600A6D03C /* LandmarksApp.swift */; };
		6AFAE8A627CB567600A6D03C /* ContentView.swift in Sources */ = {isa = PBXBuildFile; fileRef = 6AFAE8A527CB567600A6D03C /* ContentView.swift */; };
		6AFAE8A827CB567700A6D03C /* Assets.xcassets in Resources */ = {isa = PBXBuildFile; fileRef = 6AFAE8A727CB567700A6D03C /* Assets.xcassets */; };
		6AFAE8AB27CB567700A6D03C /* Preview Assets.xcassets in Resources */ = {isa = PBXBuildFile; fileRef = 6AFAE8AA27CB567700A6D03C /* Preview Assets.xcassets */; };
		6AFAE8B227CB5C9400A6D03C /* CircleImage.swift in Sources */ = {isa = PBXBuildFile; fileRef = 6AFAE8B127CB5C9400A6D03C /* CircleImage.swift */; };
		6AFAE8B427CB5FA100A6D03C /* MapView.swift in Sources */ = {isa = PBXBuildFile; fileRef = 6AFAE8B327CB5FA100A6D03C /* MapView.swift */; };
		6AFAE8B627CB653800A6D03C /* landmarkData.json in Resources */ = {isa = PBXBuildFile; fileRef = 6AFAE8B527CB653800A6D03C /* landmarkData.json */; };
		6AFAE8BA27CB65E300A6D03C /* Landmark.swift in Sources */ = {isa = PBXBuildFile; fileRef = 6AFAE8B927CB65E300A6D03C /* Landmark.swift */; };
		6AFAE8BC27CB698600A6D03C /* ModelData.swift in Sources */ = {isa = PBXBuildFile; fileRef = 6AFAE8BB27CB698600A6D03C /* ModelData.swift */; };
		6AFAE8C127CB6D1200A6D03C /* LandmarkRow.swift in Sources */ = {isa = PBXBuildFile; fileRef = 6AFAE8C027CB6D1200A6D03C /* LandmarkRow.swift */; };
		6AFAE8C327CBA57F00A6D03C /* LandmarkList.swift in Sources */ = {isa = PBXBuildFile; fileRef = 6AFAE8C227CBA57F00A6D03C /* LandmarkList.swift */; };
		6AFAE8C527CBC0A600A6D03C /* LandmarkDetail.swift in Sources */ = {isa = PBXBuildFile; fileRef = 6AFAE8C427CBC0A600A6D03C /* LandmarkDetail.swift */; };
/* End PBXBuildFile section */

/* Begin PBXContainerItemProxy section */
		6A7C9FF927F1EAC200C37DFE /* PBXContainerItemProxy */ = {
			isa = PBXContainerItemProxy;
			containerPortal = 6AFAE89827CB567600A6D03C /* Project object */;
			proxyType = 1;
			remoteGlobalIDString = 6A7C9FF627F1EAC200C37DFE;
			remoteInfo = "WatchLandmark WatchKit Extension";
		};
		6A7CA00D27F1EAC300C37DFE /* PBXContainerItemProxy */ = {
			isa = PBXContainerItemProxy;
			containerPortal = 6AFAE89827CB567600A6D03C /* Project object */;
			proxyType = 1;
			remoteGlobalIDString = 6A7C9FEE27F1EAC100C37DFE;
			remoteInfo = WatchLandmark;
		};
/* End PBXContainerItemProxy section */

/* Begin PBXCopyFilesBuildPhase section */
		6A7CA01027F1EAC300C37DFE /* Embed Watch Content */ = {
			isa = PBXCopyFilesBuildPhase;
			buildActionMask = 2147483647;
			dstPath = "$(CONTENTS_FOLDER_PATH)/Watch";
			dstSubfolderSpec = 16;
			files = (
				6A7CA00F27F1EAC300C37DFE /* WatchLandmark.app in Embed Watch Content */,
			);
			name = "Embed Watch Content";
			runOnlyForDeploymentPostprocessing = 0;
		};
		6A7CA01327F1EAC300C37DFE /* Embed App Extensions */ = {
			isa = PBXCopyFilesBuildPhase;
			buildActionMask = 2147483647;
			dstPath = "";
			dstSubfolderSpec = 13;
			files = (
				6A7C9FF827F1EAC200C37DFE /* WatchLandmark WatchKit Extension.appex in Embed App Extensions */,
			);
			name = "Embed App Extensions";
			runOnlyForDeploymentPostprocessing = 0;
		};
/* End PBXCopyFilesBuildPhase section */

/* Begin PBXFileReference section */
		6A38713227D0F7170039D725 /* BadgeSymbol.swift */ = {isa = PBXFileReference; lastKnownFileType = sourcecode.swift; path = BadgeSymbol.swift; sourceTree = "<group>"; };
		6A38713427D0FE9D0039D725 /* RotatedBadgeSymbol.swift */ = {isa = PBXFileReference; lastKnownFileType = sourcecode.swift; path = RotatedBadgeSymbol.swift; sourceTree = "<group>"; };
		6A38713627D0FFBB0039D725 /* Badge.swift */ = {isa = PBXFileReference; lastKnownFileType = sourcecode.swift; path = Badge.swift; sourceTree = "<group>"; };
		6A47B19927CCAC4600381207 /* FavoriteButton.swift */ = {isa = PBXFileReference; lastKnownFileType = sourcecode.swift; path = FavoriteButton.swift; sourceTree = "<group>"; };
		6A4C508127DC4A38003C4B5E /* Profile.swift */ = {isa = PBXFileReference; lastKnownFileType = sourcecode.swift; path = Profile.swift; sourceTree = "<group>"; };
		6A4C508427DC4BE5003C4B5E /* ProfileHost.swift */ = {isa = PBXFileReference; lastKnownFileType = sourcecode.swift; path = ProfileHost.swift; sourceTree = "<group>"; };
		6A5751D527DC81E00017A6EC /* ProfileSummary.swift */ = {isa = PBXFileReference; lastKnownFileType = sourcecode.swift; path = ProfileSummary.swift; sourceTree = "<group>"; };
		6A5751D727DC844D0017A6EC /* HikeBadge.swift */ = {isa = PBXFileReference; lastKnownFileType = sourcecode.swift; path = HikeBadge.swift; sourceTree = "<group>"; };
		6A68902C27F0AA3500522429 /* LandmarkDetail.swift */ = {isa = PBXFileReference; lastKnownFileType = sourcecode.swift; path = LandmarkDetail.swift; sourceTree = "<group>"; };
		6A7C9FEF27F1EAC100C37DFE /* WatchLandmark.app */ = {isa = PBXFileReference; explicitFileType = wrapper.application; includeInIndex = 0; path = WatchLandmark.app; sourceTree = BUILT_PRODUCTS_DIR; };
		6A7C9FF127F1EAC200C37DFE /* Assets.xcassets */ = {isa = PBXFileReference; lastKnownFileType = folder.assetcatalog; path = Assets.xcassets; sourceTree = "<group>"; };
		6A7C9FF727F1EAC200C37DFE /* WatchLandmark WatchKit Extension.appex */ = {isa = PBXFileReference; explicitFileType = "wrapper.app-extension"; includeInIndex = 0; path = "WatchLandmark WatchKit Extension.appex"; sourceTree = BUILT_PRODUCTS_DIR; };
		6A7C9FFE27F1EAC200C37DFE /* ContentView.swift */ = {isa = PBXFileReference; lastKnownFileType = sourcecode.swift; path = ContentView.swift; sourceTree = "<group>"; };
		6A7CA00027F1EAC200C37DFE /* NotificationController.swift */ = {isa = PBXFileReference; lastKnownFileType = sourcecode.swift; path = NotificationController.swift; sourceTree = "<group>"; };
		6A7CA00227F1EAC200C37DFE /* NotificationView.swift */ = {isa = PBXFileReference; lastKnownFileType = sourcecode.swift; path = NotificationView.swift; sourceTree = "<group>"; };
		6A7CA00427F1EAC200C37DFE /* ComplicationController.swift */ = {isa = PBXFileReference; lastKnownFileType = sourcecode.swift; path = ComplicationController.swift; sourceTree = "<group>"; };
		6A7CA00627F1EAC300C37DFE /* Assets.xcassets */ = {isa = PBXFileReference; lastKnownFileType = folder.assetcatalog; path = Assets.xcassets; sourceTree = "<group>"; };
		6A7CA00927F1EAC300C37DFE /* Preview Assets.xcassets */ = {isa = PBXFileReference; lastKnownFileType = folder.assetcatalog; path = "Preview Assets.xcassets"; sourceTree = "<group>"; };
		6A7CA00B27F1EAC300C37DFE /* Info.plist */ = {isa = PBXFileReference; lastKnownFileType = text.plist.xml; path = Info.plist; sourceTree = "<group>"; };
		6A7CA00C27F1EAC300C37DFE /* PushNotificationPayload.apns */ = {isa = PBXFileReference; lastKnownFileType = text; path = PushNotificationPayload.apns; sourceTree = "<group>"; };
		6A82E2D827EF591C00CF036D /* MacLandmark.app */ = {isa = PBXFileReference; explicitFileType = wrapper.application; includeInIndex = 0; path = MacLandmark.app; sourceTree = BUILT_PRODUCTS_DIR; };
		6A82E2DC27EF591C00CF036D /* ContentView.swift */ = {isa = PBXFileReference; lastKnownFileType = sourcecode.swift; path = ContentView.swift; sourceTree = "<group>"; };
		6A82E2DE27EF591D00CF036D /* Assets.xcassets */ = {isa = PBXFileReference; lastKnownFileType = folder.assetcatalog; path = Assets.xcassets; sourceTree = "<group>"; };
		6A82E2E127EF591D00CF036D /* Preview Assets.xcassets */ = {isa = PBXFileReference; lastKnownFileType = folder.assetcatalog; path = "Preview Assets.xcassets"; sourceTree = "<group>"; };
		6A82E2E327EF591D00CF036D /* MacLandmark.entitlements */ = {isa = PBXFileReference; lastKnownFileType = text.plist.entitlements; path = MacLandmark.entitlements; sourceTree = "<group>"; };
		6AA61C3927D0540C00AA727C /* HexagonParameters.swift */ = {isa = PBXFileReference; lastKnownFileType = sourcecode.swift; path = HexagonParameters.swift; sourceTree = "<group>"; };
		6AA61C3B27D055EF00AA727C /* BadgeBackground.swift */ = {isa = PBXFileReference; lastKnownFileType = sourcecode.swift; path = BadgeBackground.swift; sourceTree = "<group>"; };
		6AB15F1327D3654D00252A23 /* hikeData.json */ = {isa = PBXFileReference; fileEncoding = 4; lastKnownFileType = text.json; path = hikeData.json; sourceTree = "<group>"; };
		6AB15F1527D3658300252A23 /* Hike.swift */ = {isa = PBXFileReference; lastKnownFileType = sourcecode.swift; path = Hike.swift; sourceTree = "<group>"; };
		6AB15F1827D368F600252A23 /* GraphCapsule.swift */ = {isa = PBXFileReference; fileEncoding = 4; lastKnownFileType = sourcecode.swift; path = GraphCapsule.swift; sourceTree = "<group>"; };
		6AB15F1927D368F600252A23 /* HikeGraph.swift */ = {isa = PBXFileReference; fileEncoding = 4; lastKnownFileType = sourcecode.swift; path = HikeGraph.swift; sourceTree = "<group>"; };
		6AB15F1A27D368F600252A23 /* HikeDetail.swift */ = {isa = PBXFileReference; fileEncoding = 4; lastKnownFileType = sourcecode.swift; path = HikeDetail.swift; sourceTree = "<group>"; };
		6AB15F1B27D368F600252A23 /* HikeView.swift */ = {isa = PBXFileReference; fileEncoding = 4; lastKnownFileType = sourcecode.swift; path = HikeView.swift; sourceTree = "<group>"; };
		6AB15F2127D3726600252A23 /* CategoryHome.swift */ = {isa = PBXFileReference; lastKnownFileType = sourcecode.swift; path = CategoryHome.swift; sourceTree = "<group>"; };
		6AB15F2427D388B100252A23 /* CategoryRow.swift */ = {isa = PBXFileReference; lastKnownFileType = sourcecode.swift; path = CategoryRow.swift; sourceTree = "<group>"; };
		6AB15F2627D38D0300252A23 /* CategoryItem.swift */ = {isa = PBXFileReference; lastKnownFileType = sourcecode.swift; path = CategoryItem.swift; sourceTree = "<group>"; };
		6AC436D227DE3967003F120E /* ProfileEditor.swift */ = {isa = PBXFileReference; lastKnownFileType = sourcecode.swift; path = ProfileEditor.swift; sourceTree = "<group>"; };
		6AE48BD127E770ED009E35B1 /* PageViewController.swift */ = {isa = PBXFileReference; lastKnownFileType = sourcecode.swift; path = PageViewController.swift; sourceTree = "<group>"; };
		6AE48BD327E777A7009E35B1 /* FeatureCard.swift */ = {isa = PBXFileReference; lastKnownFileType = sourcecode.swift; path = FeatureCard.swift; sourceTree = "<group>"; };
		6AE48BD527E77A1A009E35B1 /* PageView.swift */ = {isa = PBXFileReference; lastKnownFileType = sourcecode.swift; path = PageView.swift; sourceTree = "<group>"; };
		6AE48BD727E77FC8009E35B1 /* PageControl.swift */ = {isa = PBXFileReference; lastKnownFileType = sourcecode.swift; path = PageControl.swift; sourceTree = "<group>"; };
		6AFAE8A027CB567600A6D03C /* Landmarks.app */ = {isa = PBXFileReference; explicitFileType = wrapper.application; includeInIndex = 0; path = Landmarks.app; sourceTree = BUILT_PRODUCTS_DIR; };
		6AFAE8A327CB567600A6D03C /* LandmarksApp.swift */ = {isa = PBXFileReference; lastKnownFileType = sourcecode.swift; path = LandmarksApp.swift; sourceTree = "<group>"; };
		6AFAE8A527CB567600A6D03C /* ContentView.swift */ = {isa = PBXFileReference; lastKnownFileType = sourcecode.swift; path = ContentView.swift; sourceTree = "<group>"; };
		6AFAE8A727CB567700A6D03C /* Assets.xcassets */ = {isa = PBXFileReference; lastKnownFileType = folder.assetcatalog; path = Assets.xcassets; sourceTree = "<group>"; };
		6AFAE8AA27CB567700A6D03C /* Preview Assets.xcassets */ = {isa = PBXFileReference; lastKnownFileType = folder.assetcatalog; path = "Preview Assets.xcassets"; sourceTree = "<group>"; };
		6AFAE8B127CB5C9400A6D03C /* CircleImage.swift */ = {isa = PBXFileReference; lastKnownFileType = sourcecode.swift; path = CircleImage.swift; sourceTree = "<group>"; };
		6AFAE8B327CB5FA100A6D03C /* MapView.swift */ = {isa = PBXFileReference; lastKnownFileType = sourcecode.swift; path = MapView.swift; sourceTree = "<group>"; };
		6AFAE8B527CB653800A6D03C /* landmarkData.json */ = {isa = PBXFileReference; fileEncoding = 4; lastKnownFileType = text.json; path = landmarkData.json; sourceTree = "<group>"; };
		6AFAE8B927CB65E300A6D03C /* Landmark.swift */ = {isa = PBXFileReference; lastKnownFileType = sourcecode.swift; path = Landmark.swift; sourceTree = "<group>"; };
		6AFAE8BB27CB698600A6D03C /* ModelData.swift */ = {isa = PBXFileReference; lastKnownFileType = sourcecode.swift; path = ModelData.swift; sourceTree = "<group>"; };
		6AFAE8C027CB6D1200A6D03C /* LandmarkRow.swift */ = {isa = PBXFileReference; lastKnownFileType = sourcecode.swift; path = LandmarkRow.swift; sourceTree = "<group>"; };
		6AFAE8C227CBA57F00A6D03C /* LandmarkList.swift */ = {isa = PBXFileReference; lastKnownFileType = sourcecode.swift; path = LandmarkList.swift; sourceTree = "<group>"; };
		6AFAE8C427CBC0A600A6D03C /* LandmarkDetail.swift */ = {isa = PBXFileReference; lastKnownFileType = sourcecode.swift; path = LandmarkDetail.swift; sourceTree = "<group>"; };
/* End PBXFileReference section */

/* Begin PBXFrameworksBuildPhase section */
		6A7C9FF427F1EAC200C37DFE /* Frameworks */ = {
			isa = PBXFrameworksBuildPhase;
			buildActionMask = 2147483647;
			files = (
			);
			runOnlyForDeploymentPostprocessing = 0;
		};
		6A82E2D527EF591C00CF036D /* Frameworks */ = {
			isa = PBXFrameworksBuildPhase;
			buildActionMask = 2147483647;
			files = (
			);
			runOnlyForDeploymentPostprocessing = 0;
		};
		6AFAE89D27CB567600A6D03C /* Frameworks */ = {
			isa = PBXFrameworksBuildPhase;
			buildActionMask = 2147483647;
			files = (
			);
			runOnlyForDeploymentPostprocessing = 0;
		};
/* End PBXFrameworksBuildPhase section */

/* Begin PBXGroup section */
		6A38713827D102C60039D725 /* Landmarks */ = {
			isa = PBXGroup;
			children = (
				6AFAE8C427CBC0A600A6D03C /* LandmarkDetail.swift */,
				6AFAE8C227CBA57F00A6D03C /* LandmarkList.swift */,
				6AFAE8C027CB6D1200A6D03C /* LandmarkRow.swift */,
			);
			path = Landmarks;
			sourceTree = "<group>";
		};
		6A38713927D103180039D725 /* Badges */ = {
			isa = PBXGroup;
			children = (
				6AA61C3927D0540C00AA727C /* HexagonParameters.swift */,
				6A38713427D0FE9D0039D725 /* RotatedBadgeSymbol.swift */,
				6A38713227D0F7170039D725 /* BadgeSymbol.swift */,
				6AA61C3B27D055EF00AA727C /* BadgeBackground.swift */,
				6A38713627D0FFBB0039D725 /* Badge.swift */,
			);
			path = Badges;
			sourceTree = "<group>";
		};
		6A47B19C27CCAD5600381207 /* Helpers */ = {
			isa = PBXGroup;
			children = (
				6AFAE8B127CB5C9400A6D03C /* CircleImage.swift */,
				6AFAE8B327CB5FA100A6D03C /* MapView.swift */,
				6A47B19927CCAC4600381207 /* FavoriteButton.swift */,
			);
			path = Helpers;
			sourceTree = "<group>";
		};
		6A4C508327DC4BB7003C4B5E /* Profiles */ = {
			isa = PBXGroup;
			children = (
				6A4C508427DC4BE5003C4B5E /* ProfileHost.swift */,
				6A5751D527DC81E00017A6EC /* ProfileSummary.swift */,
				6AC436D227DE3967003F120E /* ProfileEditor.swift */,
			);
			path = Profiles;
			sourceTree = "<group>";
		};
		6A7C9FF027F1EAC100C37DFE /* WatchLandmark */ = {
			isa = PBXGroup;
			children = (
				6A7C9FF127F1EAC200C37DFE /* Assets.xcassets */,
			);
			path = WatchLandmark;
			sourceTree = "<group>";
		};
		6A7C9FFB27F1EAC200C37DFE /* WatchLandmark WatchKit Extension */ = {
			isa = PBXGroup;
			children = (
				6A7C9FFE27F1EAC200C37DFE /* ContentView.swift */,
				6A7CA00027F1EAC200C37DFE /* NotificationController.swift */,
				6A7CA00227F1EAC200C37DFE /* NotificationView.swift */,
				6A7CA00427F1EAC200C37DFE /* ComplicationController.swift */,
				6A7CA00627F1EAC300C37DFE /* Assets.xcassets */,
				6A7CA00B27F1EAC300C37DFE /* Info.plist */,
				6A7CA00C27F1EAC300C37DFE /* PushNotificationPayload.apns */,
				6A7CA00827F1EAC300C37DFE /* Preview Content */,
			);
			path = "WatchLandmark WatchKit Extension";
			sourceTree = "<group>";
		};
		6A7CA00827F1EAC300C37DFE /* Preview Content */ = {
			isa = PBXGroup;
			children = (
				6A7CA00927F1EAC300C37DFE /* Preview Assets.xcassets */,
			);
			path = "Preview Content";
			sourceTree = "<group>";
		};
		6A82E2D927EF591C00CF036D /* MacLandmark */ = {
			isa = PBXGroup;
			children = (
				6A82E2DC27EF591C00CF036D /* ContentView.swift */,
				6A82E2DE27EF591D00CF036D /* Assets.xcassets */,
				6A82E2E327EF591D00CF036D /* MacLandmark.entitlements */,
				6A82E2E027EF591D00CF036D /* Preview Content */,
				6A68902C27F0AA3500522429 /* LandmarkDetail.swift */,
			);
			path = MacLandmark;
			sourceTree = "<group>";
		};
		6A82E2E027EF591D00CF036D /* Preview Content */ = {
			isa = PBXGroup;
			children = (
				6A82E2E127EF591D00CF036D /* Preview Assets.xcassets */,
			);
			path = "Preview Content";
			sourceTree = "<group>";
		};
		6AB15F1727D368F600252A23 /* Hikes */ = {
			isa = PBXGroup;
			children = (
				6AB15F1827D368F600252A23 /* GraphCapsule.swift */,
				6AB15F1927D368F600252A23 /* HikeGraph.swift */,
				6AB15F1A27D368F600252A23 /* HikeDetail.swift */,
				6AB15F1B27D368F600252A23 /* HikeView.swift */,
				6A5751D727DC844D0017A6EC /* HikeBadge.swift */,
			);
			path = Hikes;
			sourceTree = "<group>";
		};
		6AB15F2027D3724600252A23 /* Categories */ = {
			isa = PBXGroup;
			children = (
				6AB15F2127D3726600252A23 /* CategoryHome.swift */,
				6AB15F2427D388B100252A23 /* CategoryRow.swift */,
				6AB15F2627D38D0300252A23 /* CategoryItem.swift */,
			);
			path = Categories;
			sourceTree = "<group>";
		};
		6AE48BD027E770CC009E35B1 /* PageView */ = {
			isa = PBXGroup;
			children = (
				6AE48BD127E770ED009E35B1 /* PageViewController.swift */,
				6AE48BD327E777A7009E35B1 /* FeatureCard.swift */,
				6AE48BD527E77A1A009E35B1 /* PageView.swift */,
				6AE48BD727E77FC8009E35B1 /* PageControl.swift */,
			);
			path = PageView;
			sourceTree = "<group>";
		};
		6AFAE89727CB567600A6D03C = {
			isa = PBXGroup;
			children = (
				6AFAE8A227CB567600A6D03C /* Landmarks */,
				6A82E2D927EF591C00CF036D /* MacLandmark */,
				6A7C9FF027F1EAC100C37DFE /* WatchLandmark */,
				6A7C9FFB27F1EAC200C37DFE /* WatchLandmark WatchKit Extension */,
				6AFAE8A127CB567600A6D03C /* Products */,
			);
			sourceTree = "<group>";
		};
		6AFAE8A127CB567600A6D03C /* Products */ = {
			isa = PBXGroup;
			children = (
				6AFAE8A027CB567600A6D03C /* Landmarks.app */,
				6A82E2D827EF591C00CF036D /* MacLandmark.app */,
				6A7C9FEF27F1EAC100C37DFE /* WatchLandmark.app */,
				6A7C9FF727F1EAC200C37DFE /* WatchLandmark WatchKit Extension.appex */,
			);
			name = Products;
			sourceTree = "<group>";
		};
		6AFAE8A227CB567600A6D03C /* Landmarks */ = {
			isa = PBXGroup;
			children = (
				6AFAE8A327CB567600A6D03C /* LandmarksApp.swift */,
				6AFAE8BF27CB6B8100A6D03C /* Resources */,
				6AFAE8BE27CB6B6400A6D03C /* Model */,
				6AFAE8BD27CB6B2E00A6D03C /* Views */,
				6AFAE8A727CB567700A6D03C /* Assets.xcassets */,
				6AFAE8A927CB567700A6D03C /* Preview Content */,
			);
			path = Landmarks;
			sourceTree = "<group>";
		};
		6AFAE8A927CB567700A6D03C /* Preview Content */ = {
			isa = PBXGroup;
			children = (
				6AFAE8AA27CB567700A6D03C /* Preview Assets.xcassets */,
			);
			path = "Preview Content";
			sourceTree = "<group>";
		};
		6AFAE8BD27CB6B2E00A6D03C /* Views */ = {
			isa = PBXGroup;
			children = (
				6AE48BD027E770CC009E35B1 /* PageView */,
				6A4C508327DC4BB7003C4B5E /* Profiles */,
				6AB15F2027D3724600252A23 /* Categories */,
				6AFAE8A527CB567600A6D03C /* ContentView.swift */,
				6AB15F1727D368F600252A23 /* Hikes */,
				6A38713927D103180039D725 /* Badges */,
				6A47B19C27CCAD5600381207 /* Helpers */,
				6A38713827D102C60039D725 /* Landmarks */,
			);
			path = Views;
			sourceTree = "<group>";
		};
		6AFAE8BE27CB6B6400A6D03C /* Model */ = {
			isa = PBXGroup;
			children = (
				6AFAE8B927CB65E300A6D03C /* Landmark.swift */,
				6AFAE8BB27CB698600A6D03C /* ModelData.swift */,
				6AB15F1527D3658300252A23 /* Hike.swift */,
				6A4C508127DC4A38003C4B5E /* Profile.swift */,
			);
			path = Model;
			sourceTree = "<group>";
		};
		6AFAE8BF27CB6B8100A6D03C /* Resources */ = {
			isa = PBXGroup;
			children = (
				6AB15F1327D3654D00252A23 /* hikeData.json */,
				6AFAE8B527CB653800A6D03C /* landmarkData.json */,
			);
			path = Resources;
			sourceTree = "<group>";
		};
/* End PBXGroup section */

/* Begin PBXNativeTarget section */
		6A7C9FEE27F1EAC100C37DFE /* WatchLandmark */ = {
			isa = PBXNativeTarget;
			buildConfigurationList = 6A7CA01727F1EAC300C37DFE /* Build configuration list for PBXNativeTarget "WatchLandmark" */;
			buildPhases = (
				6A7C9FED27F1EAC100C37DFE /* Resources */,
				6A7CA01327F1EAC300C37DFE /* Embed App Extensions */,
			);
			buildRules = (
			);
			dependencies = (
				6A7C9FFA27F1EAC200C37DFE /* PBXTargetDependency */,
			);
			name = WatchLandmark;
			productName = WatchLandmark;
			productReference = 6A7C9FEF27F1EAC100C37DFE /* WatchLandmark.app */;
			productType = "com.apple.product-type.application.watchapp2";
		};
		6A7C9FF627F1EAC200C37DFE /* WatchLandmark WatchKit Extension */ = {
			isa = PBXNativeTarget;
			buildConfigurationList = 6A7CA01627F1EAC300C37DFE /* Build configuration list for PBXNativeTarget "WatchLandmark WatchKit Extension" */;
			buildPhases = (
				6A7C9FF327F1EAC200C37DFE /* Sources */,
				6A7C9FF427F1EAC200C37DFE /* Frameworks */,
				6A7C9FF527F1EAC200C37DFE /* Resources */,
			);
			buildRules = (
			);
			dependencies = (
			);
			name = "WatchLandmark WatchKit Extension";
			productName = "WatchLandmark WatchKit Extension";
			productReference = 6A7C9FF727F1EAC200C37DFE /* WatchLandmark WatchKit Extension.appex */;
			productType = "com.apple.product-type.watchkit2-extension";
		};
		6A82E2D727EF591C00CF036D /* MacLandmark */ = {
			isa = PBXNativeTarget;
			buildConfigurationList = 6A82E2E627EF591D00CF036D /* Build configuration list for PBXNativeTarget "MacLandmark" */;
			buildPhases = (
				6A82E2D427EF591C00CF036D /* Sources */,
				6A82E2D527EF591C00CF036D /* Frameworks */,
				6A82E2D627EF591C00CF036D /* Resources */,
			);
			buildRules = (
			);
			dependencies = (
			);
			name = MacLandmark;
			productName = MacLandmark;
			productReference = 6A82E2D827EF591C00CF036D /* MacLandmark.app */;
			productType = "com.apple.product-type.application";
		};
		6AFAE89F27CB567600A6D03C /* Landmarks */ = {
			isa = PBXNativeTarget;
			buildConfigurationList = 6AFAE8AE27CB567700A6D03C /* Build configuration list for PBXNativeTarget "Landmarks" */;
			buildPhases = (
				6AFAE89C27CB567600A6D03C /* Sources */,
				6AFAE89D27CB567600A6D03C /* Frameworks */,
				6AFAE89E27CB567600A6D03C /* Resources */,
				6A7CA01027F1EAC300C37DFE /* Embed Watch Content */,
			);
			buildRules = (
			);
			dependencies = (
				6A7CA00E27F1EAC300C37DFE /* PBXTargetDependency */,
			);
			name = Landmarks;
			productName = Landmarks;
			productReference = 6AFAE8A027CB567600A6D03C /* Landmarks.app */;
			productType = "com.apple.product-type.application";
		};
/* End PBXNativeTarget section */

/* Begin PBXProject section */
		6AFAE89827CB567600A6D03C /* Project object */ = {
			isa = PBXProject;
			attributes = {
				BuildIndependentTargetsInParallel = 1;
				LastSwiftUpdateCheck = 1330;
				LastUpgradeCheck = 1320;
				TargetAttributes = {
					6A7C9FEE27F1EAC100C37DFE = {
						CreatedOnToolsVersion = 13.3;
					};
					6A7C9FF627F1EAC200C37DFE = {
						CreatedOnToolsVersion = 13.3;
					};
					6A82E2D727EF591C00CF036D = {
						CreatedOnToolsVersion = 13.3;
					};
					6AFAE89F27CB567600A6D03C = {
						CreatedOnToolsVersion = 13.2.1;
					};
				};
			};
			buildConfigurationList = 6AFAE89B27CB567600A6D03C /* Build configuration list for PBXProject "Landmarks" */;
			compatibilityVersion = "Xcode 13.0";
			developmentRegion = en;
			hasScannedForEncodings = 0;
			knownRegions = (
				en,
				Base,
			);
			mainGroup = 6AFAE89727CB567600A6D03C;
			productRefGroup = 6AFAE8A127CB567600A6D03C /* Products */;
			projectDirPath = "";
			projectRoot = "";
			targets = (
				6AFAE89F27CB567600A6D03C /* Landmarks */,
				6A82E2D727EF591C00CF036D /* MacLandmark */,
				6A7C9FEE27F1EAC100C37DFE /* WatchLandmark */,
				6A7C9FF627F1EAC200C37DFE /* WatchLandmark WatchKit Extension */,
			);
		};
/* End PBXProject section */

/* Begin PBXResourcesBuildPhase section */
		6A7C9FED27F1EAC100C37DFE /* Resources */ = {
			isa = PBXResourcesBuildPhase;
			buildActionMask = 2147483647;
			files = (
				6A7C9FF227F1EAC200C37DFE /* Assets.xcassets in Resources */,
			);
			runOnlyForDeploymentPostprocessing = 0;
		};
		6A7C9FF527F1EAC200C37DFE /* Resources */ = {
			isa = PBXResourcesBuildPhase;
			buildActionMask = 2147483647;
			files = (
				6A7CA00A27F1EAC300C37DFE /* Preview Assets.xcassets in Resources */,
				6A7CA01F27F1EC5400C37DFE /* landmarkData.json in Resources */,
				6A7CA01D27F1EC5400C37DFE /* hikeData.json in Resources */,
				6A7CA00727F1EAC300C37DFE /* Assets.xcassets in Resources */,
			);
			runOnlyForDeploymentPostprocessing = 0;
		};
		6A82E2D627EF591C00CF036D /* Resources */ = {
			isa = PBXResourcesBuildPhase;
			buildActionMask = 2147483647;
			files = (
				6A82E2E227EF591D00CF036D /* Preview Assets.xcassets in Resources */,
				6A82E2DF27EF591D00CF036D /* Assets.xcassets in Resources */,
				6A82E2F027EF5B6800CF036D /* Assets.xcassets in Resources */,
				6A82E2E727EF5B6800CF036D /* landmarkData.json in Resources */,
				6A82E2F327EF5B6800CF036D /* hikeData.json in Resources */,
			);
			runOnlyForDeploymentPostprocessing = 0;
		};
		6AFAE89E27CB567600A6D03C /* Resources */ = {
			isa = PBXResourcesBuildPhase;
			buildActionMask = 2147483647;
			files = (
				6AB15F1427D3654D00252A23 /* hikeData.json in Resources */,
				6AFAE8AB27CB567700A6D03C /* Preview Assets.xcassets in Resources */,
				6AFAE8A827CB567700A6D03C /* Assets.xcassets in Resources */,
				6AFAE8B627CB653800A6D03C /* landmarkData.json in Resources */,
			);
			runOnlyForDeploymentPostprocessing = 0;
		};
/* End PBXResourcesBuildPhase section */

/* Begin PBXSourcesBuildPhase section */
		6A7C9FF327F1EAC200C37DFE /* Sources */ = {
			isa = PBXSourcesBuildPhase;
			buildActionMask = 2147483647;
			files = (
				6A7CA01927F1EC5400C37DFE /* Hike.swift in Sources */,
				6A7CA01B27F1EC5400C37DFE /* MapView.swift in Sources */,
				6A7CA00127F1EAC200C37DFE /* NotificationController.swift in Sources */,
				6A7CA02227F1EC5400C37DFE /* Profile.swift in Sources */,
				6A7C9FFF27F1EAC200C37DFE /* ContentView.swift in Sources */,
				6A7CA01C27F1EC5400C37DFE /* LandmarkList.swift in Sources */,
				6A7CA01A27F1EC5400C37DFE /* CircleImage.swift in Sources */,
				6A7CA01827F1EC5400C37DFE /* ModelData.swift in Sources */,
				6A7CA02127F1EC5400C37DFE /* LandmarksApp.swift in Sources */,
				6A7CA00527F1EAC200C37DFE /* ComplicationController.swift in Sources */,
				6A7CA02027F1EC5400C37DFE /* LandmarkRow.swift in Sources */,
				6A7CA00327F1EAC200C37DFE /* NotificationView.swift in Sources */,
				6A7CA01E27F1EC5400C37DFE /* Landmark.swift in Sources */,
			);
			runOnlyForDeploymentPostprocessing = 0;
		};
		6A82E2D427EF591C00CF036D /* Sources */ = {
			isa = PBXSourcesBuildPhase;
			buildActionMask = 2147483647;
			files = (
				6A82E2EB27EF5B6800CF036D /* Hike.swift in Sources */,
				6A82E2EC27EF5B6800CF036D /* LandmarkList.swift in Sources */,
				6A82E2DD27EF591C00CF036D /* ContentView.swift in Sources */,
				6A82E2EE27EF5B6800CF036D /* FavoriteButton.swift in Sources */,
				6A68902D27F0AA3500522429 /* LandmarkDetail.swift in Sources */,
				6A82E2F227EF5B6800CF036D /* LandmarksApp.swift in Sources */,
				6A82E2ED27EF5B6800CF036D /* Profile.swift in Sources */,
				6A82E2E827EF5B6800CF036D /* Landmark.swift in Sources */,
				6A82E2EA27EF5B6800CF036D /* LandmarkRow.swift in Sources */,
				6A82E2EF27EF5B6800CF036D /* MapView.swift in Sources */,
				6A82E2E927EF5B6800CF036D /* ModelData.swift in Sources */,
				6A82E2F127EF5B6800CF036D /* CircleImage.swift in Sources */,
			);
			runOnlyForDeploymentPostprocessing = 0;
		};
		6AFAE89C27CB567600A6D03C /* Sources */ = {
			isa = PBXSourcesBuildPhase;
			buildActionMask = 2147483647;
			files = (
				6AB15F2527D388B100252A23 /* CategoryRow.swift in Sources */,
				6A4C508227DC4A38003C4B5E /* Profile.swift in Sources */,
				6AFAE8A627CB567600A6D03C /* ContentView.swift in Sources */,
				6AB15F2227D3726600252A23 /* CategoryHome.swift in Sources */,
				6AE48BD427E777A7009E35B1 /* FeatureCard.swift in Sources */,
				6AB15F1D27D368F600252A23 /* HikeGraph.swift in Sources */,
				6A38713727D0FFBB0039D725 /* Badge.swift in Sources */,
				6AFAE8B427CB5FA100A6D03C /* MapView.swift in Sources */,
				6AB15F1C27D368F600252A23 /* GraphCapsule.swift in Sources */,
				6AFAE8A427CB567600A6D03C /* LandmarksApp.swift in Sources */,
				6AE48BD827E77FC8009E35B1 /* PageControl.swift in Sources */,
				6A47B19A27CCAC4600381207 /* FavoriteButton.swift in Sources */,
				6AB15F2727D38D0300252A23 /* CategoryItem.swift in Sources */,
				6AB15F1E27D368F600252A23 /* HikeDetail.swift in Sources */,
				6A5751D627DC81E00017A6EC /* ProfileSummary.swift in Sources */,
				6AA61C3A27D0540C00AA727C /* HexagonParameters.swift in Sources */,
				6A4C508527DC4BE5003C4B5E /* ProfileHost.swift in Sources */,
				6AB15F1627D3658300252A23 /* Hike.swift in Sources */,
				6A38713527D0FE9D0039D725 /* RotatedBadgeSymbol.swift in Sources */,
				6AE48BD627E77A1A009E35B1 /* PageView.swift in Sources */,
				6A38713327D0F7170039D725 /* BadgeSymbol.swift in Sources */,
				6AC436D327DE3967003F120E /* ProfileEditor.swift in Sources */,
				6AFAE8C327CBA57F00A6D03C /* LandmarkList.swift in Sources */,
				6AB15F1F27D368F600252A23 /* HikeView.swift in Sources */,
				6AFAE8C527CBC0A600A6D03C /* LandmarkDetail.swift in Sources */,
				6AE48BD227E770ED009E35B1 /* PageViewController.swift in Sources */,
				6AA61C3C27D055EF00AA727C /* BadgeBackground.swift in Sources */,
				6A5751D827DC844D0017A6EC /* HikeBadge.swift in Sources */,
				6AFAE8B227CB5C9400A6D03C /* CircleImage.swift in Sources */,
				6AFAE8BA27CB65E300A6D03C /* Landmark.swift in Sources */,
				6AFAE8C127CB6D1200A6D03C /* LandmarkRow.swift in Sources */,
				6AFAE8BC27CB698600A6D03C /* ModelData.swift in Sources */,
			);
			runOnlyForDeploymentPostprocessing = 0;
		};
/* End PBXSourcesBuildPhase section */

/* Begin PBXTargetDependency section */
		6A7C9FFA27F1EAC200C37DFE /* PBXTargetDependency */ = {
			isa = PBXTargetDependency;
			target = 6A7C9FF627F1EAC200C37DFE /* WatchLandmark WatchKit Extension */;
			targetProxy = 6A7C9FF927F1EAC200C37DFE /* PBXContainerItemProxy */;
		};
		6A7CA00E27F1EAC300C37DFE /* PBXTargetDependency */ = {
			isa = PBXTargetDependency;
			target = 6A7C9FEE27F1EAC100C37DFE /* WatchLandmark */;
			targetProxy = 6A7CA00D27F1EAC300C37DFE /* PBXContainerItemProxy */;
		};
/* End PBXTargetDependency section */

/* Begin XCBuildConfiguration section */
		6A7CA01127F1EAC300C37DFE /* Debug */ = {
			isa = XCBuildConfiguration;
			buildSettings = {
				ALWAYS_EMBED_SWIFT_STANDARD_LIBRARIES = YES;
				ASSETCATALOG_COMPILER_APPICON_NAME = AppIcon;
				ASSETCATALOG_COMPILER_GLOBAL_ACCENT_COLOR_NAME = AccentColor;
				CODE_SIGN_STYLE = Automatic;
				CURRENT_PROJECT_VERSION = 1;
				DEVELOPMENT_TEAM = QL69UZQ779;
				GENERATE_INFOPLIST_FILE = YES;
				IBSC_MODULE = WatchLandmark_WatchKit_Extension;
				INFOPLIST_KEY_CFBundleDisplayName = WatchLandmark;
				INFOPLIST_KEY_UISupportedInterfaceOrientations = "UIInterfaceOrientationPortrait UIInterfaceOrientationPortraitUpsideDown";
				INFOPLIST_KEY_WKCompanionAppBundleIdentifier = com.yuniarto.Landmarks;
				MARKETING_VERSION = 1.0;
				PRODUCT_BUNDLE_IDENTIFIER = com.yuniarto.Landmarks.watchkitapp;
				PRODUCT_NAME = "$(TARGET_NAME)";
				SDKROOT = watchos;
				SKIP_INSTALL = YES;
				SWIFT_EMIT_LOC_STRINGS = YES;
				SWIFT_VERSION = 5.0;
				TARGETED_DEVICE_FAMILY = 4;
				WATCHOS_DEPLOYMENT_TARGET = 8.5;
			};
			name = Debug;
		};
		6A7CA01227F1EAC300C37DFE /* Release */ = {
			isa = XCBuildConfiguration;
			buildSettings = {
				ALWAYS_EMBED_SWIFT_STANDARD_LIBRARIES = YES;
				ASSETCATALOG_COMPILER_APPICON_NAME = AppIcon;
				ASSETCATALOG_COMPILER_GLOBAL_ACCENT_COLOR_NAME = AccentColor;
				CODE_SIGN_STYLE = Automatic;
				CURRENT_PROJECT_VERSION = 1;
				DEVELOPMENT_TEAM = QL69UZQ779;
				GENERATE_INFOPLIST_FILE = YES;
				IBSC_MODULE = WatchLandmark_WatchKit_Extension;
				INFOPLIST_KEY_CFBundleDisplayName = WatchLandmark;
				INFOPLIST_KEY_UISupportedInterfaceOrientations = "UIInterfaceOrientationPortrait UIInterfaceOrientationPortraitUpsideDown";
				INFOPLIST_KEY_WKCompanionAppBundleIdentifier = com.yuniarto.Landmarks;
				MARKETING_VERSION = 1.0;
				PRODUCT_BUNDLE_IDENTIFIER = com.yuniarto.Landmarks.watchkitapp;
				PRODUCT_NAME = "$(TARGET_NAME)";
				SDKROOT = watchos;
				SKIP_INSTALL = YES;
				SWIFT_EMIT_LOC_STRINGS = YES;
				SWIFT_VERSION = 5.0;
				TARGETED_DEVICE_FAMILY = 4;
				WATCHOS_DEPLOYMENT_TARGET = 8.5;
			};
			name = Release;
		};
		6A7CA01427F1EAC300C37DFE /* Debug */ = {
			isa = XCBuildConfiguration;
			buildSettings = {
				ASSETCATALOG_COMPILER_COMPLICATION_NAME = Complication;
				CODE_SIGN_STYLE = Automatic;
				CURRENT_PROJECT_VERSION = 1;
				DEVELOPMENT_ASSET_PATHS = "\"WatchLandmark WatchKit Extension/Preview Content\"";
				DEVELOPMENT_TEAM = QL69UZQ779;
				ENABLE_PREVIEWS = YES;
				GENERATE_INFOPLIST_FILE = YES;
				INFOPLIST_FILE = "WatchLandmark WatchKit Extension/Info.plist";
				INFOPLIST_KEY_CFBundleDisplayName = "WatchLandmark WatchKit Extension";
				INFOPLIST_KEY_CLKComplicationPrincipalClass = WatchLandmark_WatchKit_Extension.ComplicationController;
				INFOPLIST_KEY_NSHumanReadableCopyright = "";
				INFOPLIST_KEY_WKRunsIndependentlyOfCompanionApp = YES;
				LD_RUNPATH_SEARCH_PATHS = (
					"$(inherited)",
					"@executable_path/Frameworks",
					"@executable_path/../../Frameworks",
				);
				MARKETING_VERSION = 1.0;
				PRODUCT_BUNDLE_IDENTIFIER = com.yuniarto.Landmarks.watchkitapp.watchkitextension;
				PRODUCT_NAME = "${TARGET_NAME}";
				SDKROOT = watchos;
				SKIP_INSTALL = YES;
				SWIFT_EMIT_LOC_STRINGS = YES;
				SWIFT_VERSION = 5.0;
				TARGETED_DEVICE_FAMILY = 4;
				WATCHOS_DEPLOYMENT_TARGET = 8.5;
			};
			name = Debug;
		};
		6A7CA01527F1EAC300C37DFE /* Release */ = {
			isa = XCBuildConfiguration;
			buildSettings = {
				ASSETCATALOG_COMPILER_COMPLICATION_NAME = Complication;
				CODE_SIGN_STYLE = Automatic;
				CURRENT_PROJECT_VERSION = 1;
				DEVELOPMENT_ASSET_PATHS = "\"WatchLandmark WatchKit Extension/Preview Content\"";
				DEVELOPMENT_TEAM = QL69UZQ779;
				ENABLE_PREVIEWS = YES;
				GENERATE_INFOPLIST_FILE = YES;
				INFOPLIST_FILE = "WatchLandmark WatchKit Extension/Info.plist";
				INFOPLIST_KEY_CFBundleDisplayName = "WatchLandmark WatchKit Extension";
				INFOPLIST_KEY_CLKComplicationPrincipalClass = WatchLandmark_WatchKit_Extension.ComplicationController;
				INFOPLIST_KEY_NSHumanReadableCopyright = "";
				INFOPLIST_KEY_WKRunsIndependentlyOfCompanionApp = YES;
				LD_RUNPATH_SEARCH_PATHS = (
					"$(inherited)",
					"@executable_path/Frameworks",
					"@executable_path/../../Frameworks",
				);
				MARKETING_VERSION = 1.0;
				PRODUCT_BUNDLE_IDENTIFIER = com.yuniarto.Landmarks.watchkitapp.watchkitextension;
				PRODUCT_NAME = "${TARGET_NAME}";
				SDKROOT = watchos;
				SKIP_INSTALL = YES;
				SWIFT_EMIT_LOC_STRINGS = YES;
				SWIFT_VERSION = 5.0;
				TARGETED_DEVICE_FAMILY = 4;
				WATCHOS_DEPLOYMENT_TARGET = 8.5;
			};
			name = Release;
		};
		6A82E2E427EF591D00CF036D /* Debug */ = {
			isa = XCBuildConfiguration;
			buildSettings = {
				ASSETCATALOG_COMPILER_APPICON_NAME = AppIcon;
				ASSETCATALOG_COMPILER_GLOBAL_ACCENT_COLOR_NAME = AccentColor;
				CODE_SIGN_ENTITLEMENTS = MacLandmark/MacLandmark.entitlements;
				CODE_SIGN_STYLE = Automatic;
				COMBINE_HIDPI_IMAGES = YES;
				CURRENT_PROJECT_VERSION = 1;
				DEVELOPMENT_ASSET_PATHS = "\"MacLandmark/Preview Content\"";
				DEVELOPMENT_TEAM = QL69UZQ779;
				ENABLE_HARDENED_RUNTIME = YES;
				ENABLE_PREVIEWS = YES;
				GENERATE_INFOPLIST_FILE = YES;
				INFOPLIST_KEY_NSHumanReadableCopyright = "";
				LD_RUNPATH_SEARCH_PATHS = (
					"$(inherited)",
					"@executable_path/../Frameworks",
				);
				MACOSX_DEPLOYMENT_TARGET = 12.2;
				MARKETING_VERSION = 1.0;
				PRODUCT_BUNDLE_IDENTIFIER = com.yuniarto.MacLandmark;
				PRODUCT_NAME = "$(TARGET_NAME)";
				SDKROOT = macosx;
				SWIFT_EMIT_LOC_STRINGS = YES;
				SWIFT_VERSION = 5.0;
			};
			name = Debug;
		};
		6A82E2E527EF591D00CF036D /* Release */ = {
			isa = XCBuildConfiguration;
			buildSettings = {
				ASSETCATALOG_COMPILER_APPICON_NAME = AppIcon;
				ASSETCATALOG_COMPILER_GLOBAL_ACCENT_COLOR_NAME = AccentColor;
				CODE_SIGN_ENTITLEMENTS = MacLandmark/MacLandmark.entitlements;
				CODE_SIGN_STYLE = Automatic;
				COMBINE_HIDPI_IMAGES = YES;
				CURRENT_PROJECT_VERSION = 1;
				DEVELOPMENT_ASSET_PATHS = "\"MacLandmark/Preview Content\"";
				DEVELOPMENT_TEAM = QL69UZQ779;
				ENABLE_HARDENED_RUNTIME = YES;
				ENABLE_PREVIEWS = YES;
				GENERATE_INFOPLIST_FILE = YES;
				INFOPLIST_KEY_NSHumanReadableCopyright = "";
				LD_RUNPATH_SEARCH_PATHS = (
					"$(inherited)",
					"@executable_path/../Frameworks",
				);
				MACOSX_DEPLOYMENT_TARGET = 12.2;
				MARKETING_VERSION = 1.0;
				PRODUCT_BUNDLE_IDENTIFIER = com.yuniarto.MacLandmark;
				PRODUCT_NAME = "$(TARGET_NAME)";
				SDKROOT = macosx;
				SWIFT_EMIT_LOC_STRINGS = YES;
				SWIFT_VERSION = 5.0;
			};
			name = Release;
		};
		6AFAE8AC27CB567700A6D03C /* Debug */ = {
			isa = XCBuildConfiguration;
			buildSettings = {
				ALWAYS_SEARCH_USER_PATHS = NO;
				CLANG_ANALYZER_NONNULL = YES;
				CLANG_ANALYZER_NUMBER_OBJECT_CONVERSION = YES_AGGRESSIVE;
				CLANG_CXX_LANGUAGE_STANDARD = "gnu++17";
				CLANG_CXX_LIBRARY = "libc++";
				CLANG_ENABLE_MODULES = YES;
				CLANG_ENABLE_OBJC_ARC = YES;
				CLANG_ENABLE_OBJC_WEAK = YES;
				CLANG_WARN_BLOCK_CAPTURE_AUTORELEASING = YES;
				CLANG_WARN_BOOL_CONVERSION = YES;
				CLANG_WARN_COMMA = YES;
				CLANG_WARN_CONSTANT_CONVERSION = YES;
				CLANG_WARN_DEPRECATED_OBJC_IMPLEMENTATIONS = YES;
				CLANG_WARN_DIRECT_OBJC_ISA_USAGE = YES_ERROR;
				CLANG_WARN_DOCUMENTATION_COMMENTS = YES;
				CLANG_WARN_EMPTY_BODY = YES;
				CLANG_WARN_ENUM_CONVERSION = YES;
				CLANG_WARN_INFINITE_RECURSION = YES;
				CLANG_WARN_INT_CONVERSION = YES;
				CLANG_WARN_NON_LITERAL_NULL_CONVERSION = YES;
				CLANG_WARN_OBJC_IMPLICIT_RETAIN_SELF = YES;
				CLANG_WARN_OBJC_LITERAL_CONVERSION = YES;
				CLANG_WARN_OBJC_ROOT_CLASS = YES_ERROR;
				CLANG_WARN_QUOTED_INCLUDE_IN_FRAMEWORK_HEADER = YES;
				CLANG_WARN_RANGE_LOOP_ANALYSIS = YES;
				CLANG_WARN_STRICT_PROTOTYPES = YES;
				CLANG_WARN_SUSPICIOUS_MOVE = YES;
				CLANG_WARN_UNGUARDED_AVAILABILITY = YES_AGGRESSIVE;
				CLANG_WARN_UNREACHABLE_CODE = YES;
				CLANG_WARN__DUPLICATE_METHOD_MATCH = YES;
				COPY_PHASE_STRIP = NO;
				DEBUG_INFORMATION_FORMAT = dwarf;
				ENABLE_STRICT_OBJC_MSGSEND = YES;
				ENABLE_TESTABILITY = YES;
				GCC_C_LANGUAGE_STANDARD = gnu11;
				GCC_DYNAMIC_NO_PIC = NO;
				GCC_NO_COMMON_BLOCKS = YES;
				GCC_OPTIMIZATION_LEVEL = 0;
				GCC_PREPROCESSOR_DEFINITIONS = (
					"DEBUG=1",
					"$(inherited)",
				);
				GCC_WARN_64_TO_32_BIT_CONVERSION = YES;
				GCC_WARN_ABOUT_RETURN_TYPE = YES_ERROR;
				GCC_WARN_UNDECLARED_SELECTOR = YES;
				GCC_WARN_UNINITIALIZED_AUTOS = YES_AGGRESSIVE;
				GCC_WARN_UNUSED_FUNCTION = YES;
				GCC_WARN_UNUSED_VARIABLE = YES;
				IPHONEOS_DEPLOYMENT_TARGET = 15.2;
				MTL_ENABLE_DEBUG_INFO = INCLUDE_SOURCE;
				MTL_FAST_MATH = YES;
				ONLY_ACTIVE_ARCH = YES;
				SDKROOT = iphoneos;
				SWIFT_ACTIVE_COMPILATION_CONDITIONS = DEBUG;
				SWIFT_OPTIMIZATION_LEVEL = "-Onone";
			};
			name = Debug;
		};
		6AFAE8AD27CB567700A6D03C /* Release */ = {
			isa = XCBuildConfiguration;
			buildSettings = {
				ALWAYS_SEARCH_USER_PATHS = NO;
				CLANG_ANALYZER_NONNULL = YES;
				CLANG_ANALYZER_NUMBER_OBJECT_CONVERSION = YES_AGGRESSIVE;
				CLANG_CXX_LANGUAGE_STANDARD = "gnu++17";
				CLANG_CXX_LIBRARY = "libc++";
				CLANG_ENABLE_MODULES = YES;
				CLANG_ENABLE_OBJC_ARC = YES;
				CLANG_ENABLE_OBJC_WEAK = YES;
				CLANG_WARN_BLOCK_CAPTURE_AUTORELEASING = YES;
				CLANG_WARN_BOOL_CONVERSION = YES;
				CLANG_WARN_COMMA = YES;
				CLANG_WARN_CONSTANT_CONVERSION = YES;
				CLANG_WARN_DEPRECATED_OBJC_IMPLEMENTATIONS = YES;
				CLANG_WARN_DIRECT_OBJC_ISA_USAGE = YES_ERROR;
				CLANG_WARN_DOCUMENTATION_COMMENTS = YES;
				CLANG_WARN_EMPTY_BODY = YES;
				CLANG_WARN_ENUM_CONVERSION = YES;
				CLANG_WARN_INFINITE_RECURSION = YES;
				CLANG_WARN_INT_CONVERSION = YES;
				CLANG_WARN_NON_LITERAL_NULL_CONVERSION = YES;
				CLANG_WARN_OBJC_IMPLICIT_RETAIN_SELF = YES;
				CLANG_WARN_OBJC_LITERAL_CONVERSION = YES;
				CLANG_WARN_OBJC_ROOT_CLASS = YES_ERROR;
				CLANG_WARN_QUOTED_INCLUDE_IN_FRAMEWORK_HEADER = YES;
				CLANG_WARN_RANGE_LOOP_ANALYSIS = YES;
				CLANG_WARN_STRICT_PROTOTYPES = YES;
				CLANG_WARN_SUSPICIOUS_MOVE = YES;
				CLANG_WARN_UNGUARDED_AVAILABILITY = YES_AGGRESSIVE;
				CLANG_WARN_UNREACHABLE_CODE = YES;
				CLANG_WARN__DUPLICATE_METHOD_MATCH = YES;
				COPY_PHASE_STRIP = NO;
				DEBUG_INFORMATION_FORMAT = "dwarf-with-dsym";
				ENABLE_NS_ASSERTIONS = NO;
				ENABLE_STRICT_OBJC_MSGSEND = YES;
				GCC_C_LANGUAGE_STANDARD = gnu11;
				GCC_NO_COMMON_BLOCKS = YES;
				GCC_WARN_64_TO_32_BIT_CONVERSION = YES;
				GCC_WARN_ABOUT_RETURN_TYPE = YES_ERROR;
				GCC_WARN_UNDECLARED_SELECTOR = YES;
				GCC_WARN_UNINITIALIZED_AUTOS = YES_AGGRESSIVE;
				GCC_WARN_UNUSED_FUNCTION = YES;
				GCC_WARN_UNUSED_VARIABLE = YES;
				IPHONEOS_DEPLOYMENT_TARGET = 15.2;
				MTL_ENABLE_DEBUG_INFO = NO;
				MTL_FAST_MATH = YES;
				SDKROOT = iphoneos;
				SWIFT_COMPILATION_MODE = wholemodule;
				SWIFT_OPTIMIZATION_LEVEL = "-O";
				VALIDATE_PRODUCT = YES;
			};
			name = Release;
		};
		6AFAE8AF27CB567700A6D03C /* Debug */ = {
			isa = XCBuildConfiguration;
			buildSettings = {
				ASSETCATALOG_COMPILER_APPICON_NAME = AppIcon;
				ASSETCATALOG_COMPILER_GLOBAL_ACCENT_COLOR_NAME = AccentColor;
				CODE_SIGN_STYLE = Automatic;
				CURRENT_PROJECT_VERSION = 1;
				DEVELOPMENT_ASSET_PATHS = "\"Landmarks/Preview Content\"";
				DEVELOPMENT_TEAM = QL69UZQ779;
				ENABLE_PREVIEWS = YES;
				GENERATE_INFOPLIST_FILE = YES;
				INFOPLIST_KEY_UIApplicationSceneManifest_Generation = YES;
				INFOPLIST_KEY_UIApplicationSupportsIndirectInputEvents = YES;
				INFOPLIST_KEY_UILaunchScreen_Generation = YES;
				INFOPLIST_KEY_UISupportedInterfaceOrientations_iPad = "UIInterfaceOrientationPortrait UIInterfaceOrientationPortraitUpsideDown UIInterfaceOrientationLandscapeLeft UIInterfaceOrientationLandscapeRight";
				INFOPLIST_KEY_UISupportedInterfaceOrientations_iPhone = "UIInterfaceOrientationPortrait UIInterfaceOrientationLandscapeLeft UIInterfaceOrientationLandscapeRight";
				LD_RUNPATH_SEARCH_PATHS = (
					"$(inherited)",
					"@executable_path/Frameworks",
				);
				MARKETING_VERSION = 1.0;
				PRODUCT_BUNDLE_IDENTIFIER = com.yuniarto.Landmarks;
				PRODUCT_NAME = "$(TARGET_NAME)";
				SWIFT_EMIT_LOC_STRINGS = YES;
				SWIFT_VERSION = 5.0;
				TARGETED_DEVICE_FAMILY = "1,2";
			};
			name = Debug;
		};
		6AFAE8B027CB567700A6D03C /* Release */ = {
			isa = XCBuildConfiguration;
			buildSettings = {
				ASSETCATALOG_COMPILER_APPICON_NAME = AppIcon;
				ASSETCATALOG_COMPILER_GLOBAL_ACCENT_COLOR_NAME = AccentColor;
				CODE_SIGN_STYLE = Automatic;
				CURRENT_PROJECT_VERSION = 1;
				DEVELOPMENT_ASSET_PATHS = "\"Landmarks/Preview Content\"";
				DEVELOPMENT_TEAM = QL69UZQ779;
				ENABLE_PREVIEWS = YES;
				GENERATE_INFOPLIST_FILE = YES;
				INFOPLIST_KEY_UIApplicationSceneManifest_Generation = YES;
				INFOPLIST_KEY_UIApplicationSupportsIndirectInputEvents = YES;
				INFOPLIST_KEY_UILaunchScreen_Generation = YES;
				INFOPLIST_KEY_UISupportedInterfaceOrientations_iPad = "UIInterfaceOrientationPortrait UIInterfaceOrientationPortraitUpsideDown UIInterfaceOrientationLandscapeLeft UIInterfaceOrientationLandscapeRight";
				INFOPLIST_KEY_UISupportedInterfaceOrientations_iPhone = "UIInterfaceOrientationPortrait UIInterfaceOrientationLandscapeLeft UIInterfaceOrientationLandscapeRight";
				LD_RUNPATH_SEARCH_PATHS = (
					"$(inherited)",
					"@executable_path/Frameworks",
				);
				MARKETING_VERSION = 1.0;
				PRODUCT_BUNDLE_IDENTIFIER = com.yuniarto.Landmarks;
				PRODUCT_NAME = "$(TARGET_NAME)";
				SWIFT_EMIT_LOC_STRINGS = YES;
				SWIFT_VERSION = 5.0;
				TARGETED_DEVICE_FAMILY = "1,2";
			};
			name = Release;
		};
/* End XCBuildConfiguration section */

/* Begin XCConfigurationList section */
		6A7CA01627F1EAC300C37DFE /* Build configuration list for PBXNativeTarget "WatchLandmark WatchKit Extension" */ = {
			isa = XCConfigurationList;
			buildConfigurations = (
				6A7CA01427F1EAC300C37DFE /* Debug */,
				6A7CA01527F1EAC300C37DFE /* Release */,
			);
			defaultConfigurationIsVisible = 0;
			defaultConfigurationName = Release;
		};
		6A7CA01727F1EAC300C37DFE /* Build configuration list for PBXNativeTarget "WatchLandmark" */ = {
			isa = XCConfigurationList;
			buildConfigurations = (
				6A7CA01127F1EAC300C37DFE /* Debug */,
				6A7CA01227F1EAC300C37DFE /* Release */,
			);
			defaultConfigurationIsVisible = 0;
			defaultConfigurationName = Release;
		};
		6A82E2E627EF591D00CF036D /* Build configuration list for PBXNativeTarget "MacLandmark" */ = {
			isa = XCConfigurationList;
			buildConfigurations = (
				6A82E2E427EF591D00CF036D /* Debug */,
				6A82E2E527EF591D00CF036D /* Release */,
			);
			defaultConfigurationIsVisible = 0;
			defaultConfigurationName = Release;
		};
		6AFAE89B27CB567600A6D03C /* Build configuration list for PBXProject "Landmarks" */ = {
			isa = XCConfigurationList;
			buildConfigurations = (
				6AFAE8AC27CB567700A6D03C /* Debug */,
				6AFAE8AD27CB567700A6D03C /* Release */,
			);
			defaultConfigurationIsVisible = 0;
			defaultConfigurationName = Release;
		};
		6AFAE8AE27CB567700A6D03C /* Build configuration list for PBXNativeTarget "Landmarks" */ = {
			isa = XCConfigurationList;
			buildConfigurations = (
				6AFAE8AF27CB567700A6D03C /* Debug */,
				6AFAE8B027CB567700A6D03C /* Release */,
			);
			defaultConfigurationIsVisible = 0;
			defaultConfigurationName = Release;
		};
/* End XCConfigurationList section */
	};
	rootObject = 6AFAE89827CB567600A6D03C /* Project object */;
}
